# THIS IS AN AUTOGENERATED FILE. DO NOT EDIT THIS FILE DIRECTLY.
# yarn lockfile v1


bindings@1.2.x, bindings@~1.2.1:
  version "1.2.1"
  resolved "https://registry.yarnpkg.com/bindings/-/bindings-1.2.1.tgz#14ad6113812d2d37d72e67b4cacb4bb726505f11"

bluebird@^3.5.0:
  version "3.5.0"
  resolved "https://registry.yarnpkg.com/bluebird/-/bluebird-3.5.0.tgz#791420d7f551eea2897453a8a77653f96606d67c"

bufferutil@1.2.x:
  version "1.2.1"
  resolved "https://registry.yarnpkg.com/bufferutil/-/bufferutil-1.2.1.tgz#37be5d36e1e06492221e68d474b1ac58e510cbd7"
  dependencies:
    bindings "1.2.x"
    nan "^2.0.5"

eventemitter2@^0.4.13:
  version "0.4.14"
  resolved "https://registry.yarnpkg.com/eventemitter2/-/eventemitter2-0.4.14.tgz#8f61b75cde012b2e9eb284d4545583b5643b61ab"

eventemitter2@^4.1.0:
  version "4.1.0"
  resolved "https://registry.yarnpkg.com/eventemitter2/-/eventemitter2-4.1.0.tgz#b1fb8a1144e7dfcf80cecce9877ff6d68e7d8506"

nan@^2.0.5:
  version "2.6.2"
  resolved "https://registry.yarnpkg.com/nan/-/nan-2.6.2.tgz#e4ff34e6c95fdfb5aecc08de6596f43605a7db45"

nan@~2.4.0:
  version "2.4.0"
  resolved "https://registry.yarnpkg.com/nan/-/nan-2.4.0.tgz#fb3c59d45fe4effe215f0b890f8adf6eb32d2232"

object-assign@^4.0.1:
  version "4.1.1"
  resolved "https://registry.yarnpkg.com/object-assign/-/object-assign-4.1.1.tgz#2109adc7965887cfc05cbbd442cac8bfbb360863"

options@>=0.0.5:
  version "0.0.6"
  resolved "https://registry.yarnpkg.com/options/-/options-0.0.6.tgz#ec22d312806bb53e731773e7cdaefcf1c643128f"

pngparse@^2.0.1:
  version "2.0.1"
  resolved "https://registry.yarnpkg.com/pngparse/-/pngparse-2.0.1.tgz#86852de4de349f4efb1e852e7525655e5ac5dfb8"

roslib@^0.18.0:
  version "0.18.0"
  resolved "https://registry.yarnpkg.com/roslib/-/roslib-0.18.0.tgz#148f427efc2e3745ffdd400c1c6d7244d6444cfc"
  dependencies:
    eventemitter2 "^0.4.13"
    object-assign "^4.0.1"
    pngparse "^2.0.1"
    ws "^0.8.0"
    xmldom "^0.1.19"

ultron@1.0.x:
  version "1.0.2"
  resolved "https://registry.yarnpkg.com/ultron/-/ultron-1.0.2.tgz#ace116ab557cd197386a4e88f4685378c8b2e4fa"

utf-8-validate@1.2.x:
  version "1.2.2"
  resolved "https://registry.yarnpkg.com/utf-8-validate/-/utf-8-validate-1.2.2.tgz#8bb871a4741e085c70487ca7acdbd7d6d36029eb"
  dependencies:
    bindings "~1.2.1"
    nan "~2.4.0"

ws@^0.8.0:
  version "0.8.1"
  resolved "https://registry.yarnpkg.com/ws/-/ws-0.8.1.tgz#6b65273b99193c5f067a4cf5809598f777e3b759"
  dependencies:
    options ">=0.0.5"
    ultron "1.0.x"
  optionalDependencies:
    bufferutil "1.2.x"
    utf-8-validate "1.2.x"

xmldom@^0.1.19:
  version "0.1.27"
  resolved "https://registry.yarnpkg.com/xmldom/-/xmldom-0.1.27.tgz#d501f97b3bdb403af8ef9ecc20573187aadac0e9"
